
Microsoft Visual Studio Solution File, Format Version 12.00
# Visual Studio Version 16
VisualStudioVersion = 16.0.30320.27
MinimumVisualStudioVersion = 15.0.26124.0
Project("{9A19103F-16F7-4668-BE54-9A1E7A4F7556}") = "Base.Server", "Base.Server\Base.Server.csproj", "{361E2747-918F-4EB4-82B2-E843E4CC7514}"
EndProject
Project("{9A19103F-16F7-4668-BE54-9A1E7A4F7556}") = "Common", "Common\Common.csproj", "{7DCE8D9E-D81E-4863-80D7-8DB49A5A9C77}"
EndProject
Project("{9A19103F-16F7-4668-BE54-9A1E7A4F7556}") = "Proto", "Proto\Proto.csproj", "{DCB16077-CDEA-48B1-9E5E-71B16CB7BFBE}"
EndProject
Project("{9A19103F-16F7-4668-BE54-9A1E7A4F7556}") = "Base.Matcher", "Base.Matcher\Base.Matcher.csproj", "{CA3960D3-C615-4EDF-9A09-1EAEEE4034B7}"
EndProject
Project("{9A19103F-16F7-4668-BE54-9A1E7A4F7556}") = "DataModel", "DataModel\DataModel.csproj", "{75F6C177-D5F6-4F88-BBFF-F226282C56DD}"
EndProject
Project("{9A19103F-16F7-4668-BE54-9A1E7A4F7556}") = "MemoryStore", "MemoryStore\MemoryStore.csproj", "{650446B8-74A2-43AF-998A-9E7F92761F22}"
EndProject
Project("{9A19103F-16F7-4668-BE54-9A1E7A4F7556}") = "Gateway", "Gateway\Gateway.csproj", "{D180398A-CC1C-4520-806F-E89ED77F6C88}"
EndProject
Project("{9A19103F-16F7-4668-BE54-9A1E7A4F7556}") = "GatewayInternal", "GatewayInternal\GatewayInternal.csproj", "{635BCD58-DF3E-4184-86A1-7D9960D7969C}"
EndProject
Project("{9A19103F-16F7-4668-BE54-9A1E7A4F7556}") = "Party", "Party\Party.csproj", "{57F62640-6F8E-4214-ACBC-A6804950DAC3}"
EndProject
Project("{9A19103F-16F7-4668-BE54-9A1E7A4F7556}") = "PlayFabAuth", "PlayFabAuth\PlayFabAuth.csproj", "{9FB446D1-D34D-4ACF-A1FB-C6AE57763629}"
EndProject
Project("{9A19103F-16F7-4668-BE54-9A1E7A4F7556}") = "SampleMatcher", "SampleMatcher\SampleMatcher.csproj", "{524B527D-2E22-40D0-A0D1-E408C59F49CD}"
EndProject
Project("{9A19103F-16F7-4668-BE54-9A1E7A4F7556}") = "SampleClient", "SampleClient\SampleClient.csproj", "{129B6909-C09E-4D73-A877-9262E68D62B6}"
EndProject
Project("{9A19103F-16F7-4668-BE54-9A1E7A4F7556}") = "apis", "..\..\..\platform-sdk-csharp\apis\apis.csproj", "{0FCB65BD-1C11-44B9-A29E-3E425072C47A}"
EndProject
Project("{9A19103F-16F7-4668-BE54-9A1E7A4F7556}") = "SteamAuth", "SteamAuth\SteamAuth.csproj", "{467943BA-34EA-404D-90DA-243A754CA639}"
EndProject
Project("{9A19103F-16F7-4668-BE54-9A1E7A4F7556}") = "TestSteamDLL", "TestSteamDLL\TestSteamDLL.csproj", "{5F9B1E49-2E7A-4FEF-B74B-2D0164323F7F}"
EndProject
Project("{8BC9CEB8-8B4A-11D0-8D11-00A0C91BC942}") = "SteamEncryptedAppTicketWrapper", "..\cpp\SteamEncryptedAppTicketWrapper\SteamEncryptedAppTicketWrapper.vcxproj", "{CE037FDA-E2E3-4677-B131-A9C6AD587F8C}"
EndProject
Global
	GlobalSection(SolutionConfigurationPlatforms) = preSolution
		Debug|Any CPU = Debug|Any CPU
		Debug|ARM = Debug|ARM
		Debug|ARM64 = Debug|ARM64
		Debug|x64 = Debug|x64
		Debug|x86 = Debug|x86
		Release|Any CPU = Release|Any CPU
		Release|ARM = Release|ARM
		Release|ARM64 = Release|ARM64
		Release|x64 = Release|x64
		Release|x86 = Release|x86
	EndGlobalSection
	GlobalSection(ProjectConfigurationPlatforms) = postSolution
		{361E2747-918F-4EB4-82B2-E843E4CC7514}.Debug|Any CPU.ActiveCfg = Debug|Any CPU
		{361E2747-918F-4EB4-82B2-E843E4CC7514}.Debug|Any CPU.Build.0 = Debug|Any CPU
		{361E2747-918F-4EB4-82B2-E843E4CC7514}.Debug|ARM.ActiveCfg = Debug|Any CPU
		{361E2747-918F-4EB4-82B2-E843E4CC7514}.Debug|ARM.Build.0 = Debug|Any CPU
		{361E2747-918F-4EB4-82B2-E843E4CC7514}.Debug|ARM64.ActiveCfg = Debug|Any CPU
		{361E2747-918F-4EB4-82B2-E843E4CC7514}.Debug|ARM64.Build.0 = Debug|Any CPU
		{361E2747-918F-4EB4-82B2-E843E4CC7514}.Debug|x64.ActiveCfg = Debug|Any CPU
		{361E2747-918F-4EB4-82B2-E843E4CC7514}.Debug|x64.Build.0 = Debug|Any CPU
		{361E2747-918F-4EB4-82B2-E843E4CC7514}.Debug|x86.ActiveCfg = Debug|Any CPU
		{361E2747-918F-4EB4-82B2-E843E4CC7514}.Debug|x86.Build.0 = Debug|Any CPU
		{361E2747-918F-4EB4-82B2-E843E4CC7514}.Release|Any CPU.ActiveCfg = Release|Any CPU
		{361E2747-918F-4EB4-82B2-E843E4CC7514}.Release|Any CPU.Build.0 = Release|Any CPU
		{361E2747-918F-4EB4-82B2-E843E4CC7514}.Release|ARM.ActiveCfg = Release|Any CPU
		{361E2747-918F-4EB4-82B2-E843E4CC7514}.Release|ARM.Build.0 = Release|Any CPU
		{361E2747-918F-4EB4-82B2-E843E4CC7514}.Release|ARM64.ActiveCfg = Release|Any CPU
		{361E2747-918F-4EB4-82B2-E843E4CC7514}.Release|ARM64.Build.0 = Release|Any CPU
		{361E2747-918F-4EB4-82B2-E843E4CC7514}.Release|x64.ActiveCfg = Release|Any CPU
		{361E2747-918F-4EB4-82B2-E843E4CC7514}.Release|x64.Build.0 = Release|Any CPU
		{361E2747-918F-4EB4-82B2-E843E4CC7514}.Release|x86.ActiveCfg = Release|Any CPU
		{361E2747-918F-4EB4-82B2-E843E4CC7514}.Release|x86.Build.0 = Release|Any CPU
		{7DCE8D9E-D81E-4863-80D7-8DB49A5A9C77}.Debug|Any CPU.ActiveCfg = Debug|Any CPU
		{7DCE8D9E-D81E-4863-80D7-8DB49A5A9C77}.Debug|Any CPU.Build.0 = Debug|Any CPU
		{7DCE8D9E-D81E-4863-80D7-8DB49A5A9C77}.Debug|ARM.ActiveCfg = Debug|Any CPU
		{7DCE8D9E-D81E-4863-80D7-8DB49A5A9C77}.Debug|ARM.Build.0 = Debug|Any CPU
		{7DCE8D9E-D81E-4863-80D7-8DB49A5A9C77}.Debug|ARM64.ActiveCfg = Debug|Any CPU
		{7DCE8D9E-D81E-4863-80D7-8DB49A5A9C77}.Debug|ARM64.Build.0 = Debug|Any CPU
		{7DCE8D9E-D81E-4863-80D7-8DB49A5A9C77}.Debug|x64.ActiveCfg = Debug|Any CPU
		{7DCE8D9E-D81E-4863-80D7-8DB49A5A9C77}.Debug|x64.Build.0 = Debug|Any CPU
		{7DCE8D9E-D81E-4863-80D7-8DB49A5A9C77}.Debug|x86.ActiveCfg = Debug|Any CPU
		{7DCE8D9E-D81E-4863-80D7-8DB49A5A9C77}.Debug|x86.Build.0 = Debug|Any CPU
		{7DCE8D9E-D81E-4863-80D7-8DB49A5A9C77}.Release|Any CPU.ActiveCfg = Release|Any CPU
		{7DCE8D9E-D81E-4863-80D7-8DB49A5A9C77}.Release|Any CPU.Build.0 = Release|Any CPU
		{7DCE8D9E-D81E-4863-80D7-8DB49A5A9C77}.Release|ARM.ActiveCfg = Release|Any CPU
		{7DCE8D9E-D81E-4863-80D7-8DB49A5A9C77}.Release|ARM.Build.0 = Release|Any CPU
		{7DCE8D9E-D81E-4863-80D7-8DB49A5A9C77}.Release|ARM64.ActiveCfg = Release|Any CPU
		{7DCE8D9E-D81E-4863-80D7-8DB49A5A9C77}.Release|ARM64.Build.0 = Release|Any CPU
		{7DCE8D9E-D81E-4863-80D7-8DB49A5A9C77}.Release|x64.ActiveCfg = Release|Any CPU
		{7DCE8D9E-D81E-4863-80D7-8DB49A5A9C77}.Release|x64.Build.0 = Release|Any CPU
		{7DCE8D9E-D81E-4863-80D7-8DB49A5A9C77}.Release|x86.ActiveCfg = Release|Any CPU
		{7DCE8D9E-D81E-4863-80D7-8DB49A5A9C77}.Release|x86.Build.0 = Release|Any CPU
		{DCB16077-CDEA-48B1-9E5E-71B16CB7BFBE}.Debug|Any CPU.ActiveCfg = Debug|Any CPU
		{DCB16077-CDEA-48B1-9E5E-71B16CB7BFBE}.Debug|Any CPU.Build.0 = Debug|Any CPU
		{DCB16077-CDEA-48B1-9E5E-71B16CB7BFBE}.Debug|ARM.ActiveCfg = Debug|Any CPU
		{DCB16077-CDEA-48B1-9E5E-71B16CB7BFBE}.Debug|ARM.Build.0 = Debug|Any CPU
		{DCB16077-CDEA-48B1-9E5E-71B16CB7BFBE}.Debug|ARM64.ActiveCfg = Debug|Any CPU
		{DCB16077-CDEA-48B1-9E5E-71B16CB7BFBE}.Debug|ARM64.Build.0 = Debug|Any CPU
		{DCB16077-CDEA-48B1-9E5E-71B16CB7BFBE}.Debug|x64.ActiveCfg = Debug|Any CPU
		{DCB16077-CDEA-48B1-9E5E-71B16CB7BFBE}.Debug|x64.Build.0 = Debug|Any CPU
		{DCB16077-CDEA-48B1-9E5E-71B16CB7BFBE}.Debug|x86.ActiveCfg = Debug|Any CPU
		{DCB16077-CDEA-48B1-9E5E-71B16CB7BFBE}.Debug|x86.Build.0 = Debug|Any CPU
		{DCB16077-CDEA-48B1-9E5E-71B16CB7BFBE}.Release|Any CPU.ActiveCfg = Release|Any CPU
		{DCB16077-CDEA-48B1-9E5E-71B16CB7BFBE}.Release|Any CPU.Build.0 = Release|Any CPU
		{DCB16077-CDEA-48B1-9E5E-71B16CB7BFBE}.Release|ARM.ActiveCfg = Release|Any CPU
		{DCB16077-CDEA-48B1-9E5E-71B16CB7BFBE}.Release|ARM.Build.0 = Release|Any CPU
		{DCB16077-CDEA-48B1-9E5E-71B16CB7BFBE}.Release|ARM64.ActiveCfg = Release|Any CPU
		{DCB16077-CDEA-48B1-9E5E-71B16CB7BFBE}.Release|ARM64.Build.0 = Release|Any CPU
		{DCB16077-CDEA-48B1-9E5E-71B16CB7BFBE}.Release|x64.ActiveCfg = Release|Any CPU
		{DCB16077-CDEA-48B1-9E5E-71B16CB7BFBE}.Release|x64.Build.0 = Release|Any CPU
		{DCB16077-CDEA-48B1-9E5E-71B16CB7BFBE}.Release|x86.ActiveCfg = Release|Any CPU
		{DCB16077-CDEA-48B1-9E5E-71B16CB7BFBE}.Release|x86.Build.0 = Release|Any CPU
		{CA3960D3-C615-4EDF-9A09-1EAEEE4034B7}.Debug|Any CPU.ActiveCfg = Debug|Any CPU
		{CA3960D3-C615-4EDF-9A09-1EAEEE4034B7}.Debug|Any CPU.Build.0 = Debug|Any CPU
		{CA3960D3-C615-4EDF-9A09-1EAEEE4034B7}.Debug|ARM.ActiveCfg = Debug|Any CPU
		{CA3960D3-C615-4EDF-9A09-1EAEEE4034B7}.Debug|ARM.Build.0 = Debug|Any CPU
		{CA3960D3-C615-4EDF-9A09-1EAEEE4034B7}.Debug|ARM64.ActiveCfg = Debug|Any CPU
		{CA3960D3-C615-4EDF-9A09-1EAEEE4034B7}.Debug|ARM64.Build.0 = Debug|Any CPU
		{CA3960D3-C615-4EDF-9A09-1EAEEE4034B7}.Debug|x64.ActiveCfg = Debug|Any CPU
		{CA3960D3-C615-4EDF-9A09-1EAEEE4034B7}.Debug|x64.Build.0 = Debug|Any CPU
		{CA3960D3-C615-4EDF-9A09-1EAEEE4034B7}.Debug|x86.ActiveCfg = Debug|Any CPU
		{CA3960D3-C615-4EDF-9A09-1EAEEE4034B7}.Debug|x86.Build.0 = Debug|Any CPU
		{CA3960D3-C615-4EDF-9A09-1EAEEE4034B7}.Release|Any CPU.ActiveCfg = Release|Any CPU
		{CA3960D3-C615-4EDF-9A09-1EAEEE4034B7}.Release|Any CPU.Build.0 = Release|Any CPU
		{CA3960D3-C615-4EDF-9A09-1EAEEE4034B7}.Release|ARM.ActiveCfg = Release|Any CPU
		{CA3960D3-C615-4EDF-9A09-1EAEEE4034B7}.Release|ARM.Build.0 = Release|Any CPU
		{CA3960D3-C615-4EDF-9A09-1EAEEE4034B7}.Release|ARM64.ActiveCfg = Release|Any CPU
		{CA3960D3-C615-4EDF-9A09-1EAEEE4034B7}.Release|ARM64.Build.0 = Release|Any CPU
		{CA3960D3-C615-4EDF-9A09-1EAEEE4034B7}.Release|x64.ActiveCfg = Release|Any CPU
		{CA3960D3-C615-4EDF-9A09-1EAEEE4034B7}.Release|x64.Build.0 = Release|Any CPU
		{CA3960D3-C615-4EDF-9A09-1EAEEE4034B7}.Release|x86.ActiveCfg = Release|Any CPU
		{CA3960D3-C615-4EDF-9A09-1EAEEE4034B7}.Release|x86.Build.0 = Release|Any CPU
		{75F6C177-D5F6-4F88-BBFF-F226282C56DD}.Debug|Any CPU.ActiveCfg = Debug|Any CPU
		{75F6C177-D5F6-4F88-BBFF-F226282C56DD}.Debug|Any CPU.Build.0 = Debug|Any CPU
		{75F6C177-D5F6-4F88-BBFF-F226282C56DD}.Debug|ARM.ActiveCfg = Debug|Any CPU
		{75F6C177-D5F6-4F88-BBFF-F226282C56DD}.Debug|ARM.Build.0 = Debug|Any CPU
		{75F6C177-D5F6-4F88-BBFF-F226282C56DD}.Debug|ARM64.ActiveCfg = Debug|Any CPU
		{75F6C177-D5F6-4F88-BBFF-F226282C56DD}.Debug|ARM64.Build.0 = Debug|Any CPU
		{75F6C177-D5F6-4F88-BBFF-F226282C56DD}.Debug|x64.ActiveCfg = Debug|Any CPU
		{75F6C177-D5F6-4F88-BBFF-F226282C56DD}.Debug|x64.Build.0 = Debug|Any CPU
		{75F6C177-D5F6-4F88-BBFF-F226282C56DD}.Debug|x86.ActiveCfg = Debug|Any CPU
		{75F6C177-D5F6-4F88-BBFF-F226282C56DD}.Debug|x86.Build.0 = Debug|Any CPU
		{75F6C177-D5F6-4F88-BBFF-F226282C56DD}.Release|Any CPU.ActiveCfg = Release|Any CPU
		{75F6C177-D5F6-4F88-BBFF-F226282C56DD}.Release|Any CPU.Build.0 = Release|Any CPU
		{75F6C177-D5F6-4F88-BBFF-F226282C56DD}.Release|ARM.ActiveCfg = Release|Any CPU
		{75F6C177-D5F6-4F88-BBFF-F226282C56DD}.Release|ARM.Build.0 = Release|Any CPU
		{75F6C177-D5F6-4F88-BBFF-F226282C56DD}.Release|ARM64.ActiveCfg = Release|Any CPU
		{75F6C177-D5F6-4F88-BBFF-F226282C56DD}.Release|ARM64.Build.0 = Release|Any CPU
		{75F6C177-D5F6-4F88-BBFF-F226282C56DD}.Release|x64.ActiveCfg = Release|Any CPU
		{75F6C177-D5F6-4F88-BBFF-F226282C56DD}.Release|x64.Build.0 = Release|Any CPU
		{75F6C177-D5F6-4F88-BBFF-F226282C56DD}.Release|x86.ActiveCfg = Release|Any CPU
		{75F6C177-D5F6-4F88-BBFF-F226282C56DD}.Release|x86.Build.0 = Release|Any CPU
		{650446B8-74A2-43AF-998A-9E7F92761F22}.Debug|Any CPU.ActiveCfg = Debug|Any CPU
		{650446B8-74A2-43AF-998A-9E7F92761F22}.Debug|Any CPU.Build.0 = Debug|Any CPU
		{650446B8-74A2-43AF-998A-9E7F92761F22}.Debug|ARM.ActiveCfg = Debug|Any CPU
		{650446B8-74A2-43AF-998A-9E7F92761F22}.Debug|ARM.Build.0 = Debug|Any CPU
		{650446B8-74A2-43AF-998A-9E7F92761F22}.Debug|ARM64.ActiveCfg = Debug|Any CPU
		{650446B8-74A2-43AF-998A-9E7F92761F22}.Debug|ARM64.Build.0 = Debug|Any CPU
		{650446B8-74A2-43AF-998A-9E7F92761F22}.Debug|x64.ActiveCfg = Debug|Any CPU
		{650446B8-74A2-43AF-998A-9E7F92761F22}.Debug|x64.Build.0 = Debug|Any CPU
		{650446B8-74A2-43AF-998A-9E7F92761F22}.Debug|x86.ActiveCfg = Debug|Any CPU
		{650446B8-74A2-43AF-998A-9E7F92761F22}.Debug|x86.Build.0 = Debug|Any CPU
		{650446B8-74A2-43AF-998A-9E7F92761F22}.Release|Any CPU.ActiveCfg = Release|Any CPU
		{650446B8-74A2-43AF-998A-9E7F92761F22}.Release|Any CPU.Build.0 = Release|Any CPU
		{650446B8-74A2-43AF-998A-9E7F92761F22}.Release|ARM.ActiveCfg = Release|Any CPU
		{650446B8-74A2-43AF-998A-9E7F92761F22}.Release|ARM.Build.0 = Release|Any CPU
		{650446B8-74A2-43AF-998A-9E7F92761F22}.Release|ARM64.ActiveCfg = Release|Any CPU
		{650446B8-74A2-43AF-998A-9E7F92761F22}.Release|ARM64.Build.0 = Release|Any CPU
		{650446B8-74A2-43AF-998A-9E7F92761F22}.Release|x64.ActiveCfg = Release|Any CPU
		{650446B8-74A2-43AF-998A-9E7F92761F22}.Release|x64.Build.0 = Release|Any CPU
		{650446B8-74A2-43AF-998A-9E7F92761F22}.Release|x86.ActiveCfg = Release|Any CPU
		{650446B8-74A2-43AF-998A-9E7F92761F22}.Release|x86.Build.0 = Release|Any CPU
		{D180398A-CC1C-4520-806F-E89ED77F6C88}.Debug|Any CPU.ActiveCfg = Debug|Any CPU
		{D180398A-CC1C-4520-806F-E89ED77F6C88}.Debug|Any CPU.Build.0 = Debug|Any CPU
		{D180398A-CC1C-4520-806F-E89ED77F6C88}.Debug|ARM.ActiveCfg = Debug|Any CPU
		{D180398A-CC1C-4520-806F-E89ED77F6C88}.Debug|ARM.Build.0 = Debug|Any CPU
		{D180398A-CC1C-4520-806F-E89ED77F6C88}.Debug|ARM64.ActiveCfg = Debug|Any CPU
		{D180398A-CC1C-4520-806F-E89ED77F6C88}.Debug|ARM64.Build.0 = Debug|Any CPU
		{D180398A-CC1C-4520-806F-E89ED77F6C88}.Debug|x64.ActiveCfg = Debug|Any CPU
		{D180398A-CC1C-4520-806F-E89ED77F6C88}.Debug|x64.Build.0 = Debug|Any CPU
		{D180398A-CC1C-4520-806F-E89ED77F6C88}.Debug|x86.ActiveCfg = Debug|Any CPU
		{D180398A-CC1C-4520-806F-E89ED77F6C88}.Debug|x86.Build.0 = Debug|Any CPU
		{D180398A-CC1C-4520-806F-E89ED77F6C88}.Release|Any CPU.ActiveCfg = Release|Any CPU
		{D180398A-CC1C-4520-806F-E89ED77F6C88}.Release|Any CPU.Build.0 = Release|Any CPU
		{D180398A-CC1C-4520-806F-E89ED77F6C88}.Release|ARM.ActiveCfg = Release|Any CPU
		{D180398A-CC1C-4520-806F-E89ED77F6C88}.Release|ARM.Build.0 = Release|Any CPU
		{D180398A-CC1C-4520-806F-E89ED77F6C88}.Release|ARM64.ActiveCfg = Release|Any CPU
		{D180398A-CC1C-4520-806F-E89ED77F6C88}.Release|ARM64.Build.0 = Release|Any CPU
		{D180398A-CC1C-4520-806F-E89ED77F6C88}.Release|x64.ActiveCfg = Release|Any CPU
		{D180398A-CC1C-4520-806F-E89ED77F6C88}.Release|x64.Build.0 = Release|Any CPU
		{D180398A-CC1C-4520-806F-E89ED77F6C88}.Release|x86.ActiveCfg = Release|Any CPU
		{D180398A-CC1C-4520-806F-E89ED77F6C88}.Release|x86.Build.0 = Release|Any CPU
		{635BCD58-DF3E-4184-86A1-7D9960D7969C}.Debug|Any CPU.ActiveCfg = Debug|Any CPU
		{635BCD58-DF3E-4184-86A1-7D9960D7969C}.Debug|Any CPU.Build.0 = Debug|Any CPU
		{635BCD58-DF3E-4184-86A1-7D9960D7969C}.Debug|ARM.ActiveCfg = Debug|Any CPU
		{635BCD58-DF3E-4184-86A1-7D9960D7969C}.Debug|ARM.Build.0 = Debug|Any CPU
		{635BCD58-DF3E-4184-86A1-7D9960D7969C}.Debug|ARM64.ActiveCfg = Debug|Any CPU
		{635BCD58-DF3E-4184-86A1-7D9960D7969C}.Debug|ARM64.Build.0 = Debug|Any CPU
		{635BCD58-DF3E-4184-86A1-7D9960D7969C}.Debug|x64.ActiveCfg = Debug|Any CPU
		{635BCD58-DF3E-4184-86A1-7D9960D7969C}.Debug|x64.Build.0 = Debug|Any CPU
		{635BCD58-DF3E-4184-86A1-7D9960D7969C}.Debug|x86.ActiveCfg = Debug|Any CPU
		{635BCD58-DF3E-4184-86A1-7D9960D7969C}.Debug|x86.Build.0 = Debug|Any CPU
		{635BCD58-DF3E-4184-86A1-7D9960D7969C}.Release|Any CPU.ActiveCfg = Release|Any CPU
		{635BCD58-DF3E-4184-86A1-7D9960D7969C}.Release|Any CPU.Build.0 = Release|Any CPU
		{635BCD58-DF3E-4184-86A1-7D9960D7969C}.Release|ARM.ActiveCfg = Release|Any CPU
		{635BCD58-DF3E-4184-86A1-7D9960D7969C}.Release|ARM.Build.0 = Release|Any CPU
		{635BCD58-DF3E-4184-86A1-7D9960D7969C}.Release|ARM64.ActiveCfg = Release|Any CPU
		{635BCD58-DF3E-4184-86A1-7D9960D7969C}.Release|ARM64.Build.0 = Release|Any CPU
		{635BCD58-DF3E-4184-86A1-7D9960D7969C}.Release|x64.ActiveCfg = Release|Any CPU
		{635BCD58-DF3E-4184-86A1-7D9960D7969C}.Release|x64.Build.0 = Release|Any CPU
		{635BCD58-DF3E-4184-86A1-7D9960D7969C}.Release|x86.ActiveCfg = Release|Any CPU
		{635BCD58-DF3E-4184-86A1-7D9960D7969C}.Release|x86.Build.0 = Release|Any CPU
		{57F62640-6F8E-4214-ACBC-A6804950DAC3}.Debug|Any CPU.ActiveCfg = Debug|Any CPU
		{57F62640-6F8E-4214-ACBC-A6804950DAC3}.Debug|Any CPU.Build.0 = Debug|Any CPU
		{57F62640-6F8E-4214-ACBC-A6804950DAC3}.Debug|ARM.ActiveCfg = Debug|Any CPU
		{57F62640-6F8E-4214-ACBC-A6804950DAC3}.Debug|ARM.Build.0 = Debug|Any CPU
		{57F62640-6F8E-4214-ACBC-A6804950DAC3}.Debug|ARM64.ActiveCfg = Debug|Any CPU
		{57F62640-6F8E-4214-ACBC-A6804950DAC3}.Debug|ARM64.Build.0 = Debug|Any CPU
		{57F62640-6F8E-4214-ACBC-A6804950DAC3}.Debug|x64.ActiveCfg = Debug|Any CPU
		{57F62640-6F8E-4214-ACBC-A6804950DAC3}.Debug|x64.Build.0 = Debug|Any CPU
		{57F62640-6F8E-4214-ACBC-A6804950DAC3}.Debug|x86.ActiveCfg = Debug|Any CPU
		{57F62640-6F8E-4214-ACBC-A6804950DAC3}.Debug|x86.Build.0 = Debug|Any CPU
		{57F62640-6F8E-4214-ACBC-A6804950DAC3}.Release|Any CPU.ActiveCfg = Release|Any CPU
		{57F62640-6F8E-4214-ACBC-A6804950DAC3}.Release|Any CPU.Build.0 = Release|Any CPU
		{57F62640-6F8E-4214-ACBC-A6804950DAC3}.Release|ARM.ActiveCfg = Release|Any CPU
		{57F62640-6F8E-4214-ACBC-A6804950DAC3}.Release|ARM.Build.0 = Release|Any CPU
		{57F62640-6F8E-4214-ACBC-A6804950DAC3}.Release|ARM64.ActiveCfg = Release|Any CPU
		{57F62640-6F8E-4214-ACBC-A6804950DAC3}.Release|ARM64.Build.0 = Release|Any CPU
		{57F62640-6F8E-4214-ACBC-A6804950DAC3}.Release|x64.ActiveCfg = Release|Any CPU
		{57F62640-6F8E-4214-ACBC-A6804950DAC3}.Release|x64.Build.0 = Release|Any CPU
		{57F62640-6F8E-4214-ACBC-A6804950DAC3}.Release|x86.ActiveCfg = Release|Any CPU
		{57F62640-6F8E-4214-ACBC-A6804950DAC3}.Release|x86.Build.0 = Release|Any CPU
		{9FB446D1-D34D-4ACF-A1FB-C6AE57763629}.Debug|Any CPU.ActiveCfg = Debug|Any CPU
		{9FB446D1-D34D-4ACF-A1FB-C6AE57763629}.Debug|Any CPU.Build.0 = Debug|Any CPU
		{9FB446D1-D34D-4ACF-A1FB-C6AE57763629}.Debug|ARM.ActiveCfg = Debug|Any CPU
		{9FB446D1-D34D-4ACF-A1FB-C6AE57763629}.Debug|ARM.Build.0 = Debug|Any CPU
		{9FB446D1-D34D-4ACF-A1FB-C6AE57763629}.Debug|ARM64.ActiveCfg = Debug|Any CPU
		{9FB446D1-D34D-4ACF-A1FB-C6AE57763629}.Debug|ARM64.Build.0 = Debug|Any CPU
		{9FB446D1-D34D-4ACF-A1FB-C6AE57763629}.Debug|x64.ActiveCfg = Debug|Any CPU
		{9FB446D1-D34D-4ACF-A1FB-C6AE57763629}.Debug|x64.Build.0 = Debug|Any CPU
		{9FB446D1-D34D-4ACF-A1FB-C6AE57763629}.Debug|x86.ActiveCfg = Debug|Any CPU
		{9FB446D1-D34D-4ACF-A1FB-C6AE57763629}.Debug|x86.Build.0 = Debug|Any CPU
		{9FB446D1-D34D-4ACF-A1FB-C6AE57763629}.Release|Any CPU.ActiveCfg = Release|Any CPU
		{9FB446D1-D34D-4ACF-A1FB-C6AE57763629}.Release|Any CPU.Build.0 = Release|Any CPU
		{9FB446D1-D34D-4ACF-A1FB-C6AE57763629}.Release|ARM.ActiveCfg = Release|Any CPU
		{9FB446D1-D34D-4ACF-A1FB-C6AE57763629}.Release|ARM.Build.0 = Release|Any CPU
		{9FB446D1-D34D-4ACF-A1FB-C6AE57763629}.Release|ARM64.ActiveCfg = Release|Any CPU
		{9FB446D1-D34D-4ACF-A1FB-C6AE57763629}.Release|ARM64.Build.0 = Release|Any CPU
		{9FB446D1-D34D-4ACF-A1FB-C6AE57763629}.Release|x64.ActiveCfg = Release|Any CPU
		{9FB446D1-D34D-4ACF-A1FB-C6AE57763629}.Release|x64.Build.0 = Release|Any CPU
		{9FB446D1-D34D-4ACF-A1FB-C6AE57763629}.Release|x86.ActiveCfg = Release|Any CPU
		{9FB446D1-D34D-4ACF-A1FB-C6AE57763629}.Release|x86.Build.0 = Release|Any CPU
		{524B527D-2E22-40D0-A0D1-E408C59F49CD}.Debug|Any CPU.ActiveCfg = Debug|Any CPU
		{524B527D-2E22-40D0-A0D1-E408C59F49CD}.Debug|Any CPU.Build.0 = Debug|Any CPU
		{524B527D-2E22-40D0-A0D1-E408C59F49CD}.Debug|ARM.ActiveCfg = Debug|Any CPU
		{524B527D-2E22-40D0-A0D1-E408C59F49CD}.Debug|ARM.Build.0 = Debug|Any CPU
		{524B527D-2E22-40D0-A0D1-E408C59F49CD}.Debug|ARM64.ActiveCfg = Debug|Any CPU
		{524B527D-2E22-40D0-A0D1-E408C59F49CD}.Debug|ARM64.Build.0 = Debug|Any CPU
		{524B527D-2E22-40D0-A0D1-E408C59F49CD}.Debug|x64.ActiveCfg = Debug|Any CPU
		{524B527D-2E22-40D0-A0D1-E408C59F49CD}.Debug|x64.Build.0 = Debug|Any CPU
		{524B527D-2E22-40D0-A0D1-E408C59F49CD}.Debug|x86.ActiveCfg = Debug|Any CPU
		{524B527D-2E22-40D0-A0D1-E408C59F49CD}.Debug|x86.Build.0 = Debug|Any CPU
		{524B527D-2E22-40D0-A0D1-E408C59F49CD}.Release|Any CPU.ActiveCfg = Release|Any CPU
		{524B527D-2E22-40D0-A0D1-E408C59F49CD}.Release|Any CPU.Build.0 = Release|Any CPU
		{524B527D-2E22-40D0-A0D1-E408C59F49CD}.Release|ARM.ActiveCfg = Release|Any CPU
		{524B527D-2E22-40D0-A0D1-E408C59F49CD}.Release|ARM.Build.0 = Release|Any CPU
		{524B527D-2E22-40D0-A0D1-E408C59F49CD}.Release|ARM64.ActiveCfg = Release|Any CPU
		{524B527D-2E22-40D0-A0D1-E408C59F49CD}.Release|ARM64.Build.0 = Release|Any CPU
		{524B527D-2E22-40D0-A0D1-E408C59F49CD}.Release|x64.ActiveCfg = Release|Any CPU
		{524B527D-2E22-40D0-A0D1-E408C59F49CD}.Release|x64.Build.0 = Release|Any CPU
		{524B527D-2E22-40D0-A0D1-E408C59F49CD}.Release|x86.ActiveCfg = Release|Any CPU
		{524B527D-2E22-40D0-A0D1-E408C59F49CD}.Release|x86.Build.0 = Release|Any CPU
		{129B6909-C09E-4D73-A877-9262E68D62B6}.Debug|Any CPU.ActiveCfg = Debug|Any CPU
		{129B6909-C09E-4D73-A877-9262E68D62B6}.Debug|Any CPU.Build.0 = Debug|Any CPU
		{129B6909-C09E-4D73-A877-9262E68D62B6}.Debug|ARM.ActiveCfg = Debug|Any CPU
		{129B6909-C09E-4D73-A877-9262E68D62B6}.Debug|ARM.Build.0 = Debug|Any CPU
		{129B6909-C09E-4D73-A877-9262E68D62B6}.Debug|ARM64.ActiveCfg = Debug|Any CPU
		{129B6909-C09E-4D73-A877-9262E68D62B6}.Debug|ARM64.Build.0 = Debug|Any CPU
		{129B6909-C09E-4D73-A877-9262E68D62B6}.Debug|x64.ActiveCfg = Debug|Any CPU
		{129B6909-C09E-4D73-A877-9262E68D62B6}.Debug|x64.Build.0 = Debug|Any CPU
		{129B6909-C09E-4D73-A877-9262E68D62B6}.Debug|x86.ActiveCfg = Debug|Any CPU
		{129B6909-C09E-4D73-A877-9262E68D62B6}.Debug|x86.Build.0 = Debug|Any CPU
		{129B6909-C09E-4D73-A877-9262E68D62B6}.Release|Any CPU.ActiveCfg = Release|Any CPU
		{129B6909-C09E-4D73-A877-9262E68D62B6}.Release|Any CPU.Build.0 = Release|Any CPU
		{129B6909-C09E-4D73-A877-9262E68D62B6}.Release|ARM.ActiveCfg = Release|Any CPU
		{129B6909-C09E-4D73-A877-9262E68D62B6}.Release|ARM.Build.0 = Release|Any CPU
		{129B6909-C09E-4D73-A877-9262E68D62B6}.Release|ARM64.ActiveCfg = Release|Any CPU
		{129B6909-C09E-4D73-A877-9262E68D62B6}.Release|ARM64.Build.0 = Release|Any CPU
		{129B6909-C09E-4D73-A877-9262E68D62B6}.Release|x64.ActiveCfg = Release|Any CPU
		{129B6909-C09E-4D73-A877-9262E68D62B6}.Release|x64.Build.0 = Release|Any CPU
		{129B6909-C09E-4D73-A877-9262E68D62B6}.Release|x86.ActiveCfg = Release|Any CPU
		{129B6909-C09E-4D73-A877-9262E68D62B6}.Release|x86.Build.0 = Release|Any CPU
		{0FCB65BD-1C11-44B9-A29E-3E425072C47A}.Debug|Any CPU.ActiveCfg = Debug|Any CPU
		{0FCB65BD-1C11-44B9-A29E-3E425072C47A}.Debug|Any CPU.Build.0 = Debug|Any CPU
		{0FCB65BD-1C11-44B9-A29E-3E425072C47A}.Debug|ARM.ActiveCfg = Debug|Any CPU
		{0FCB65BD-1C11-44B9-A29E-3E425072C47A}.Debug|ARM.Build.0 = Debug|Any CPU
		{0FCB65BD-1C11-44B9-A29E-3E425072C47A}.Debug|ARM64.ActiveCfg = Debug|Any CPU
		{0FCB65BD-1C11-44B9-A29E-3E425072C47A}.Debug|ARM64.Build.0 = Debug|Any CPU
		{0FCB65BD-1C11-44B9-A29E-3E425072C47A}.Debug|x64.ActiveCfg = Debug|Any CPU
		{0FCB65BD-1C11-44B9-A29E-3E425072C47A}.Debug|x64.Build.0 = Debug|Any CPU
		{0FCB65BD-1C11-44B9-A29E-3E425072C47A}.Debug|x86.ActiveCfg = Debug|Any CPU
		{0FCB65BD-1C11-44B9-A29E-3E425072C47A}.Debug|x86.Build.0 = Debug|Any CPU
		{0FCB65BD-1C11-44B9-A29E-3E425072C47A}.Release|Any CPU.ActiveCfg = Release|Any CPU
		{0FCB65BD-1C11-44B9-A29E-3E425072C47A}.Release|Any CPU.Build.0 = Release|Any CPU
		{0FCB65BD-1C11-44B9-A29E-3E425072C47A}.Release|ARM.ActiveCfg = Release|Any CPU
		{0FCB65BD-1C11-44B9-A29E-3E425072C47A}.Release|ARM.Build.0 = Release|Any CPU
		{0FCB65BD-1C11-44B9-A29E-3E425072C47A}.Release|ARM64.ActiveCfg = Release|Any CPU
		{0FCB65BD-1C11-44B9-A29E-3E425072C47A}.Release|ARM64.Build.0 = Release|Any CPU
		{0FCB65BD-1C11-44B9-A29E-3E425072C47A}.Release|x64.ActiveCfg = Release|Any CPU
		{0FCB65BD-1C11-44B9-A29E-3E425072C47A}.Release|x64.Build.0 = Release|Any CPU
		{0FCB65BD-1C11-44B9-A29E-3E425072C47A}.Release|x86.ActiveCfg = Release|Any CPU
		{0FCB65BD-1C11-44B9-A29E-3E425072C47A}.Release|x86.Build.0 = Release|Any CPU
		{467943BA-34EA-404D-90DA-243A754CA639}.Debug|Any CPU.ActiveCfg = Debug|Any CPU
		{467943BA-34EA-404D-90DA-243A754CA639}.Debug|Any CPU.Build.0 = Debug|Any CPU
		{467943BA-34EA-404D-90DA-243A754CA639}.Debug|ARM.ActiveCfg = Debug|Any CPU
		{467943BA-34EA-404D-90DA-243A754CA639}.Debug|ARM.Build.0 = Debug|Any CPU
		{467943BA-34EA-404D-90DA-243A754CA639}.Debug|ARM64.ActiveCfg = Debug|Any CPU
		{467943BA-34EA-404D-90DA-243A754CA639}.Debug|ARM64.Build.0 = Debug|Any CPU
		{467943BA-34EA-404D-90DA-243A754CA639}.Debug|x64.ActiveCfg = Debug|Any CPU
		{467943BA-34EA-404D-90DA-243A754CA639}.Debug|x64.Build.0 = Debug|Any CPU
		{467943BA-34EA-404D-90DA-243A754CA639}.Debug|x86.ActiveCfg = Debug|Any CPU
		{467943BA-34EA-404D-90DA-243A754CA639}.Debug|x86.Build.0 = Debug|Any CPU
		{467943BA-34EA-404D-90DA-243A754CA639}.Release|Any CPU.ActiveCfg = Release|Any CPU
		{467943BA-34EA-404D-90DA-243A754CA639}.Release|Any CPU.Build.0 = Release|Any CPU
		{467943BA-34EA-404D-90DA-243A754CA639}.Release|ARM.ActiveCfg = Release|Any CPU
		{467943BA-34EA-404D-90DA-243A754CA639}.Release|ARM.Build.0 = Release|Any CPU
		{467943BA-34EA-404D-90DA-243A754CA639}.Release|ARM64.ActiveCfg = Release|Any CPU
		{467943BA-34EA-404D-90DA-243A754CA639}.Release|ARM64.Build.0 = Release|Any CPU
		{467943BA-34EA-404D-90DA-243A754CA639}.Release|x64.ActiveCfg = Release|Any CPU
		{467943BA-34EA-404D-90DA-243A754CA639}.Release|x64.Build.0 = Release|Any CPU
		{467943BA-34EA-404D-90DA-243A754CA639}.Release|x86.ActiveCfg = Release|Any CPU
		{467943BA-34EA-404D-90DA-243A754CA639}.Release|x86.Build.0 = Release|Any CPU
		{5F9B1E49-2E7A-4FEF-B74B-2D0164323F7F}.Debug|Any CPU.ActiveCfg = Debug|Any CPU
		{5F9B1E49-2E7A-4FEF-B74B-2D0164323F7F}.Debug|Any CPU.Build.0 = Debug|Any CPU
		{5F9B1E49-2E7A-4FEF-B74B-2D0164323F7F}.Debug|ARM.ActiveCfg = Debug|Any CPU
		{5F9B1E49-2E7A-4FEF-B74B-2D0164323F7F}.Debug|ARM.Build.0 = Debug|Any CPU
		{5F9B1E49-2E7A-4FEF-B74B-2D0164323F7F}.Debug|ARM64.ActiveCfg = Debug|Any CPU
		{5F9B1E49-2E7A-4FEF-B74B-2D0164323F7F}.Debug|ARM64.Build.0 = Debug|Any CPU
		{5F9B1E49-2E7A-4FEF-B74B-2D0164323F7F}.Debug|x64.ActiveCfg = Debug|Any CPU
		{5F9B1E49-2E7A-4FEF-B74B-2D0164323F7F}.Debug|x64.Build.0 = Debug|Any CPU
		{5F9B1E49-2E7A-4FEF-B74B-2D0164323F7F}.Debug|x86.ActiveCfg = Debug|Any CPU
		{5F9B1E49-2E7A-4FEF-B74B-2D0164323F7F}.Debug|x86.Build.0 = Debug|Any CPU
		{5F9B1E49-2E7A-4FEF-B74B-2D0164323F7F}.Release|Any CPU.ActiveCfg = Release|Any CPU
		{5F9B1E49-2E7A-4FEF-B74B-2D0164323F7F}.Release|Any CPU.Build.0 = Release|Any CPU
		{5F9B1E49-2E7A-4FEF-B74B-2D0164323F7F}.Release|ARM.ActiveCfg = Release|Any CPU
		{5F9B1E49-2E7A-4FEF-B74B-2D0164323F7F}.Release|ARM.Build.0 = Release|Any CPU
		{5F9B1E49-2E7A-4FEF-B74B-2D0164323F7F}.Release|ARM64.ActiveCfg = Release|Any CPU
		{5F9B1E49-2E7A-4FEF-B74B-2D0164323F7F}.Release|ARM64.Build.0 = Release|Any CPU
		{5F9B1E49-2E7A-4FEF-B74B-2D0164323F7F}.Release|x64.ActiveCfg = Release|Any CPU
		{5F9B1E49-2E7A-4FEF-B74B-2D0164323F7F}.Release|x64.Build.0 = Release|Any CPU
		{5F9B1E49-2E7A-4FEF-B74B-2D0164323F7F}.Release|x86.ActiveCfg = Release|Any CPU
		{5F9B1E49-2E7A-4FEF-B74B-2D0164323F7F}.Release|x86.Build.0 = Release|Any CPU
		{CE037FDA-E2E3-4677-B131-A9C6AD587F8C}.Debug|Any CPU.ActiveCfg = Debug|Win32
		{CE037FDA-E2E3-4677-B131-A9C6AD587F8C}.Debug|ARM.ActiveCfg = Debug|Win32
		{CE037FDA-E2E3-4677-B131-A9C6AD587F8C}.Debug|ARM64.ActiveCfg = Debug|Win32
		{CE037FDA-E2E3-4677-B131-A9C6AD587F8C}.Debug|x64.ActiveCfg = Debug|x64
		{CE037FDA-E2E3-4677-B131-A9C6AD587F8C}.Debug|x64.Build.0 = Debug|x64
		{CE037FDA-E2E3-4677-B131-A9C6AD587F8C}.Debug|x86.ActiveCfg = Debug|Win32
		{CE037FDA-E2E3-4677-B131-A9C6AD587F8C}.Debug|x86.Build.0 = Debug|Win32
		{CE037FDA-E2E3-4677-B131-A9C6AD587F8C}.Release|Any CPU.ActiveCfg = Release|Win32
		{CE037FDA-E2E3-4677-B131-A9C6AD587F8C}.Release|ARM.ActiveCfg = Release|Win32
		{CE037FDA-E2E3-4677-B131-A9C6AD587F8C}.Release|ARM64.ActiveCfg = Release|Win32
		{CE037FDA-E2E3-4677-B131-A9C6AD587F8C}.Release|x64.ActiveCfg = Release|x64
		{CE037FDA-E2E3-4677-B131-A9C6AD587F8C}.Release|x64.Build.0 = Release|x64
		{CE037FDA-E2E3-4677-B131-A9C6AD587F8C}.Release|x86.ActiveCfg = Release|Win32
		{CE037FDA-E2E3-4677-B131-A9C6AD587F8C}.Release|x86.Build.0 = Release|Win32
	EndGlobalSection
	GlobalSection(SolutionProperties) = preSolution
		HideSolutionNode = FALSE
	EndGlobalSection
	GlobalSection(ExtensibilityGlobals) = postSolution
		SolutionGuid = {6412AED4-13E1-47A4-9CAE-56F7A2AD604E}
	EndGlobalSection
EndGlobal
